{
  "name": "@outclimb/root",
  "version": "1.0.0",
  "lockfileVersion": 3,
  "requires": true,
  "packages": {
    "": {
      "name": "@outclimb/root",
      "version": "1.0.0",
      "license": "Apache-2.0",
      "workspaces": [
        "packages/*"
      ]
    },
    "node_modules/@outclimb/form": {
      "resolved": "packages/form",
      "link": true
    },
    "node_modules/@outclimb/manager": {
      "resolved": "packages/manager",
      "link": true
    },
    "packages/form": {
      "name": "@outclimb/form",
      "version": "1.0.0",
      "license": "Apache-2.0"
    },
    "packages/manager": {
      "name": "@outclimb/manager",
      "version": "1.0.0",
      "license": "Apache-2.0"
    }
  }
}
